// !$*UTF8*$!
{
	archiveVersion = 1;
	classes = {
	};
	objectVersion = 50;
	objects = {

/* Begin PBXBuildFile section */
		A24251E224E26CE9000AEF85 /* AppDelegate.m in Sources */ = {isa = PBXBuildFile; fileRef = A24251E124E26CE9000AEF85 /* AppDelegate.m */; };
		A24251E524E26CE9000AEF85 /* SceneDelegate.m in Sources */ = {isa = PBXBuildFile; fileRef = A24251E424E26CE9000AEF85 /* SceneDelegate.m */; };
		A24251E824E26CE9000AEF85 /* ViewController.m in Sources */ = {isa = PBXBuildFile; fileRef = A24251E724E26CE9000AEF85 /* ViewController.m */; };
		A24251EB24E26CE9000AEF85 /* Main.storyboard in Resources */ = {isa = PBXBuildFile; fileRef = A24251E924E26CE9000AEF85 /* Main.storyboard */; };
		A24251ED24E26CEB000AEF85 /* Assets.xcassets in Resources */ = {isa = PBXBuildFile; fileRef = A24251EC24E26CEB000AEF85 /* Assets.xcassets */; };
		A24251F024E26CEB000AEF85 /* LaunchScreen.storyboard in Resources */ = {isa = PBXBuildFile; fileRef = A24251EE24E26CEB000AEF85 /* LaunchScreen.storyboard */; };
		A24251F324E26CEB000AEF85 /* main.m in Sources */ = {isa = PBXBuildFile; fileRef = A24251F224E26CEB000AEF85 /* main.m */; };
		A24251FE24E26DAB000AEF85 /* testImage3.jpeg in Resources */ = {isa = PBXBuildFile; fileRef = A24251FB24E26DAA000AEF85 /* testImage3.jpeg */; };
		A24251FF24E26DAB000AEF85 /* testImage1.jpeg in Resources */ = {isa = PBXBuildFile; fileRef = A24251FC24E26DAB000AEF85 /* testImage1.jpeg */; };
		A242520024E26DAB000AEF85 /* testImage2.jpeg in Resources */ = {isa = PBXBuildFile; fileRef = A24251FD24E26DAB000AEF85 /* testImage2.jpeg */; };
		A242520324E27202000AEF85 /* testvideo1.mp4 in Resources */ = {isa = PBXBuildFile; fileRef = A242520124E26DC4000AEF85 /* testvideo1.mp4 */; };
		A242520424E27202000AEF85 /* testvideo2.mp4 in Resources */ = {isa = PBXBuildFile; fileRef = A242520224E26DC4000AEF85 /* testvideo2.mp4 */; };
		A242520724E27414000AEF85 /* QZCacheManager.m in Sources */ = {isa = PBXBuildFile; fileRef = A242520624E27414000AEF85 /* QZCacheManager.m */; };
		A242520A24E27471000AEF85 /* QZCacheNetwork.m in Sources */ = {isa = PBXBuildFile; fileRef = A242520924E27471000AEF85 /* QZCacheNetwork.m */; };
		A242520D24E284E8000AEF85 /* GNThreadSafeAccessor.m in Sources */ = {isa = PBXBuildFile; fileRef = A242520C24E284E8000AEF85 /* GNThreadSafeAccessor.m */; };
		A25AAE9824E3CB8E00912DF7 /* QZCacheDataModel.m in Sources */ = {isa = PBXBuildFile; fileRef = A25AAE9724E3CB8E00912DF7 /* QZCacheDataModel.m */; };
/* End PBXBuildFile section */

/* Begin PBXFileReference section */
		A24251DD24E26CE9000AEF85 /* QZCache.app */ = {isa = PBXFileReference; explicitFileType = wrapper.application; includeInIndex = 0; path = QZCache.app; sourceTree = BUILT_PRODUCTS_DIR; };
		A24251E024E26CE9000AEF85 /* AppDelegate.h */ = {isa = PBXFileReference; lastKnownFileType = sourcecode.c.h; path = AppDelegate.h; sourceTree = "<group>"; };
		A24251E124E26CE9000AEF85 /* AppDelegate.m */ = {isa = PBXFileReference; lastKnownFileType = sourcecode.c.objc; path = AppDelegate.m; sourceTree = "<group>"; };
		A24251E324E26CE9000AEF85 /* SceneDelegate.h */ = {isa = PBXFileReference; lastKnownFileType = sourcecode.c.h; path = SceneDelegate.h; sourceTree = "<group>"; };
		A24251E424E26CE9000AEF85 /* SceneDelegate.m */ = {isa = PBXFileReference; lastKnownFileType = sourcecode.c.objc; path = SceneDelegate.m; sourceTree = "<group>"; };
		A24251E624E26CE9000AEF85 /* ViewController.h */ = {isa = PBXFileReference; lastKnownFileType = sourcecode.c.h; path = ViewController.h; sourceTree = "<group>"; };
		A24251E724E26CE9000AEF85 /* ViewController.m */ = {isa = PBXFileReference; lastKnownFileType = sourcecode.c.objc; path = ViewController.m; sourceTree = "<group>"; };
		A24251EA24E26CE9000AEF85 /* Base */ = {isa = PBXFileReference; lastKnownFileType = file.storyboard; name = Base; path = Base.lproj/Main.storyboard; sourceTree = "<group>"; };
		A24251EC24E26CEB000AEF85 /* Assets.xcassets */ = {isa = PBXFileReference; lastKnownFileType = folder.assetcatalog; path = Assets.xcassets; sourceTree = "<group>"; };
		A24251EF24E26CEB000AEF85 /* Base */ = {isa = PBXFileReference; lastKnownFileType = file.storyboard; name = Base; path = Base.lproj/LaunchScreen.storyboard; sourceTree = "<group>"; };
		A24251F124E26CEB000AEF85 /* Info.plist */ = {isa = PBXFileReference; lastKnownFileType = text.plist.xml; path = Info.plist; sourceTree = "<group>"; };
		A24251F224E26CEB000AEF85 /* main.m */ = {isa = PBXFileReference; lastKnownFileType = sourcecode.c.objc; path = main.m; sourceTree = "<group>"; };
		A24251FB24E26DAA000AEF85 /* testImage3.jpeg */ = {isa = PBXFileReference; lastKnownFileType = image.jpeg; path = testImage3.jpeg; sourceTree = "<group>"; };
		A24251FC24E26DAB000AEF85 /* testImage1.jpeg */ = {isa = PBXFileReference; lastKnownFileType = image.jpeg; path = testImage1.jpeg; sourceTree = "<group>"; };
		A24251FD24E26DAB000AEF85 /* testImage2.jpeg */ = {isa = PBXFileReference; lastKnownFileType = image.jpeg; path = testImage2.jpeg; sourceTree = "<group>"; };
		A242520124E26DC4000AEF85 /* testvideo1.mp4 */ = {isa = PBXFileReference; lastKnownFileType = file; path = testvideo1.mp4; sourceTree = "<group>"; };
		A242520224E26DC4000AEF85 /* testvideo2.mp4 */ = {isa = PBXFileReference; lastKnownFileType = file; path = testvideo2.mp4; sourceTree = "<group>"; };
		A242520524E27414000AEF85 /* QZCacheManager.h */ = {isa = PBXFileReference; lastKnownFileType = sourcecode.c.h; path = QZCacheManager.h; sourceTree = "<group>"; };
		A242520624E27414000AEF85 /* QZCacheManager.m */ = {isa = PBXFileReference; lastKnownFileType = sourcecode.c.objc; path = QZCacheManager.m; sourceTree = "<group>"; };
		A242520824E27471000AEF85 /* QZCacheNetwork.h */ = {isa = PBXFileReference; lastKnownFileType = sourcecode.c.h; path = QZCacheNetwork.h; sourceTree = "<group>"; };
		A242520924E27471000AEF85 /* QZCacheNetwork.m */ = {isa = PBXFileReference; lastKnownFileType = sourcecode.c.objc; path = QZCacheNetwork.m; sourceTree = "<group>"; };
		A242520B24E284E8000AEF85 /* GNThreadSafeAccessor.h */ = {isa = PBXFileReference; fileEncoding = 4; lastKnownFileType = sourcecode.c.h; path = GNThreadSafeAccessor.h; sourceTree = "<group>"; };
		A242520C24E284E8000AEF85 /* GNThreadSafeAccessor.m */ = {isa = PBXFileReference; fileEncoding = 4; lastKnownFileType = sourcecode.c.objc; path = GNThreadSafeAccessor.m; sourceTree = "<group>"; };
		A25AAE9624E3CB8E00912DF7 /* QZCacheDataModel.h */ = {isa = PBXFileReference; lastKnownFileType = sourcecode.c.h; path = QZCacheDataModel.h; sourceTree = "<group>"; };
		A25AAE9724E3CB8E00912DF7 /* QZCacheDataModel.m */ = {isa = PBXFileReference; lastKnownFileType = sourcecode.c.objc; path = QZCacheDataModel.m; sourceTree = "<group>"; };
/* End PBXFileReference section */

/* Begin PBXFrameworksBuildPhase section */
		A24251DA24E26CE9000AEF85 /* Frameworks */ = {
			isa = PBXFrameworksBuildPhase;
			buildActionMask = 2147483647;
			files = (
			);
			runOnlyForDeploymentPostprocessing = 0;
		};
/* End PBXFrameworksBuildPhase section */

/* Begin PBXGroup section */
		A24251D424E26CE9000AEF85 = {
			isa = PBXGroup;
			children = (
				A24251DF24E26CE9000AEF85 /* QZCache */,
				A24251DE24E26CE9000AEF85 /* Products */,
			);
			sourceTree = "<group>";
		};
		A24251DE24E26CE9000AEF85 /* Products */ = {
			isa = PBXGroup;
			children = (
				A24251DD24E26CE9000AEF85 /* QZCache.app */,
			);
			name = Products;
			sourceTree = "<group>";
		};
		A24251DF24E26CE9000AEF85 /* QZCache */ = {
			isa = PBXGroup;
			children = (
				A24251FA24E26D92000AEF85 /* testResource */,
				A24251F924E26D22000AEF85 /* QZCacheGroup */,
				A24251E024E26CE9000AEF85 /* AppDelegate.h */,
				A24251E124E26CE9000AEF85 /* AppDelegate.m */,
				A24251E324E26CE9000AEF85 /* SceneDelegate.h */,
				A24251E424E26CE9000AEF85 /* SceneDelegate.m */,
				A24251E624E26CE9000AEF85 /* ViewController.h */,
				A24251E724E26CE9000AEF85 /* ViewController.m */,
				A24251E924E26CE9000AEF85 /* Main.storyboard */,
				A24251EC24E26CEB000AEF85 /* Assets.xcassets */,
				A24251EE24E26CEB000AEF85 /* LaunchScreen.storyboard */,
				A24251F124E26CEB000AEF85 /* Info.plist */,
				A24251F224E26CEB000AEF85 /* main.m */,
			);
			path = QZCache;
			sourceTree = "<group>";
		};
		A24251F924E26D22000AEF85 /* QZCacheGroup */ = {
			isa = PBXGroup;
			children = (
				A242520B24E284E8000AEF85 /* GNThreadSafeAccessor.h */,
				A242520C24E284E8000AEF85 /* GNThreadSafeAccessor.m */,
				A242520524E27414000AEF85 /* QZCacheManager.h */,
				A242520624E27414000AEF85 /* QZCacheManager.m */,
				A242520824E27471000AEF85 /* QZCacheNetwork.h */,
				A242520924E27471000AEF85 /* QZCacheNetwork.m */,
				A25AAE9624E3CB8E00912DF7 /* QZCacheDataModel.h */,
				A25AAE9724E3CB8E00912DF7 /* QZCacheDataModel.m */,
			);
			path = QZCacheGroup;
			sourceTree = "<group>";
		};
		A24251FA24E26D92000AEF85 /* testResource */ = {
			isa = PBXGroup;
			children = (
				A242520124E26DC4000AEF85 /* testvideo1.mp4 */,
				A242520224E26DC4000AEF85 /* testvideo2.mp4 */,
				A24251FC24E26DAB000AEF85 /* testImage1.jpeg */,
				A24251FD24E26DAB000AEF85 /* testImage2.jpeg */,
				A24251FB24E26DAA000AEF85 /* testImage3.jpeg */,
			);
			path = testResource;
			sourceTree = "<group>";
		};
/* End PBXGroup section */

/* Begin PBXNativeTarget section */
		A24251DC24E26CE9000AEF85 /* QZCache */ = {
			isa = PBXNativeTarget;
			buildConfigurationList = A24251F624E26CEB000AEF85 /* Build configuration list for PBXNativeTarget "QZCache" */;
			buildPhases = (
				A24251D924E26CE9000AEF85 /* Sources */,
				A24251DA24E26CE9000AEF85 /* Frameworks */,
				A24251DB24E26CE9000AEF85 /* Resources */,
			);
			buildRules = (
			);
			dependencies = (
			);
			name = QZCache;
			productName = QZCache;
			productReference = A24251DD24E26CE9000AEF85 /* QZCache.app */;
			productType = "com.apple.product-type.application";
		};
/* End PBXNativeTarget section */

/* Begin PBXProject section */
		A24251D524E26CE9000AEF85 /* Project object */ = {
			isa = PBXProject;
			attributes = {
				LastUpgradeCheck = 1150;
				ORGANIZATIONNAME = "胡沁志";
				TargetAttributes = {
					A24251DC24E26CE9000AEF85 = {
						CreatedOnToolsVersion = 11.5;
					};
				};
			};
			buildConfigurationList = A24251D824E26CE9000AEF85 /* Build configuration list for PBXProject "QZCache" */;
			compatibilityVersion = "Xcode 9.3";
			developmentRegion = en;
			hasScannedForEncodings = 0;
			knownRegions = (
				en,
				Base,
			);
			mainGroup = A24251D424E26CE9000AEF85;
			productRefGroup = A24251DE24E26CE9000AEF85 /* Products */;
			projectDirPath = "";
			projectRoot = "";
			targets = (
				A24251DC24E26CE9000AEF85 /* QZCache */,
			);
		};
/* End PBXProject section */

/* Begin PBXResourcesBuildPhase section */
		A24251DB24E26CE9000AEF85 /* Resources */ = {
			isa = PBXResourcesBuildPhase;
			buildActionMask = 2147483647;
			files = (
				A242520324E27202000AEF85 /* testvideo1.mp4 in Resources */,
				A242520424E27202000AEF85 /* testvideo2.mp4 in Resources */,
				A24251F024E26CEB000AEF85 /* LaunchScreen.storyboard in Resources */,
				A24251ED24E26CEB000AEF85 /* Assets.xcassets in Resources */,
				A24251EB24E26CE9000AEF85 /* Main.storyboard in Resources */,
				A24251FE24E26DAB000AEF85 /* testImage3.jpeg in Resources */,
				A242520024E26DAB000AEF85 /* testImage2.jpeg in Resources */,
				A24251FF24E26DAB000AEF85 /* testImage1.jpeg in Resources */,
			);
			runOnlyForDeploymentPostprocessing = 0;
		};
/* End PBXResourcesBuildPhase section */

/* Begin PBXSourcesBuildPhase section */
		A24251D924E26CE9000AEF85 /* Sources */ = {
			isa = PBXSourcesBuildPhase;
			buildActionMask = 2147483647;
			files = (
				A242520A24E27471000AEF85 /* QZCacheNetwork.m in Sources */,
				A24251E824E26CE9000AEF85 /* ViewController.m in Sources */,
				A24251E224E26CE9000AEF85 /* AppDelegate.m in Sources */,
				A242520D24E284E8000AEF85 /* GNThreadSafeAccessor.m in Sources */,
				A242520724E27414000AEF85 /* QZCacheManager.m in Sources */,
				A24251F324E26CEB000AEF85 /* main.m in Sources */,
				A24251E524E26CE9000AEF85 /* SceneDelegate.m in Sources */,
				A25AAE9824E3CB8E00912DF7 /* QZCacheDataModel.m in Sources */,
			);
			runOnlyForDeploymentPostprocessing = 0;
		};
/* End PBXSourcesBuildPhase section */

/* Begin PBXVariantGroup section */
		A24251E924E26CE9000AEF85 /* Main.storyboard */ = {
			isa = PBXVariantGroup;
			children = (
				A24251EA24E26CE9000AEF85 /* Base */,
			);
			name = Main.storyboard;
			sourceTree = "<group>";
		};
		A24251EE24E26CEB000AEF85 /* LaunchScreen.storyboard */ = {
			isa = PBXVariantGroup;
			children = (
				A24251EF24E26CEB000AEF85 /* Base */,
			);
			name = LaunchScreen.storyboard;
			sourceTree = "<group>";
		};
/* End PBXVariantGroup section */

/* Begin XCBuildConfiguration section */
		A24251F424E26CEB000AEF85 /* Debug */ = {
			isa = XCBuildConfiguration;
			buildSettings = {
				ALWAYS_SEARCH_USER_PATHS = NO;
				CLANG_ANALYZER_NONNULL = YES;
				CLANG_ANALYZER_NUMBER_OBJECT_CONVERSION = YES_AGGRESSIVE;
				CLANG_CXX_LANGUAGE_STANDARD = "gnu++14";
				CLANG_CXX_LIBRARY = "libc++";
				CLANG_ENABLE_MODULES = YES;
				CLANG_ENABLE_OBJC_ARC = YES;
				CLANG_ENABLE_OBJC_WEAK = YES;
				CLANG_WARN_BLOCK_CAPTURE_AUTORELEASING = YES;
				CLANG_WARN_BOOL_CONVERSION = YES;
				CLANG_WARN_COMMA = YES;
				CLANG_WARN_CONSTANT_CONVERSION = YES;
				CLANG_WARN_DEPRECATED_OBJC_IMPLEMENTATIONS = YES;
				CLANG_WARN_DIRECT_OBJC_ISA_USAGE = YES_ERROR;
				CLANG_WARN_DOCUMENTATION_COMMENTS = YES;
				CLANG_WARN_EMPTY_BODY = YES;
				CLANG_WARN_ENUM_CONVERSION = YES;
				CLANG_WARN_INFINITE_RECURSION = YES;
				CLANG_WARN_INT_CONVERSION = YES;
				CLANG_WARN_NON_LITERAL_NULL_CONVERSION = YES;
				CLANG_WARN_OBJC_IMPLICIT_RETAIN_SELF = YES;
				CLANG_WARN_OBJC_LITERAL_CONVERSION = YES;
				CLANG_WARN_OBJC_ROOT_CLASS = YES_ERROR;
				CLANG_WARN_RANGE_LOOP_ANALYSIS = YES;
				CLANG_WARN_STRICT_PROTOTYPES = YES;
				CLANG_WARN_SUSPICIOUS_MOVE = YES;
				CLANG_WARN_UNGUARDED_AVAILABILITY = YES_AGGRESSIVE;
				CLANG_WARN_UNREACHABLE_CODE = YES;
				CLANG_WARN__DUPLICATE_METHOD_MATCH = YES;
				COPY_PHASE_STRIP = NO;
				DEBUG_INFORMATION_FORMAT = dwarf;
				ENABLE_STRICT_OBJC_MSGSEND = YES;
				ENABLE_TESTABILITY = YES;
				GCC_C_LANGUAGE_STANDARD = gnu11;
				GCC_DYNAMIC_NO_PIC = NO;
				GCC_NO_COMMON_BLOCKS = YES;
				GCC_OPTIMIZATION_LEVEL = 0;
				GCC_PREPROCESSOR_DEFINITIONS = (
					"DEBUG=1",
					"$(inherited)",
				);
				GCC_WARN_64_TO_32_BIT_CONVERSION = YES;
				GCC_WARN_ABOUT_RETURN_TYPE = YES_ERROR;
				GCC_WARN_UNDECLARED_SELECTOR = YES;
				GCC_WARN_UNINITIALIZED_AUTOS = YES_AGGRESSIVE;
				GCC_WARN_UNUSED_FUNCTION = YES;
				GCC_WARN_UNUSED_VARIABLE = YES;
				IPHONEOS_DEPLOYMENT_TARGET = 13.5;
				MTL_ENABLE_DEBUG_INFO = INCLUDE_SOURCE;
				MTL_FAST_MATH = YES;
				ONLY_ACTIVE_ARCH = YES;
				SDKROOT = iphoneos;
			};
			name = Debug;
		};
		A24251F524E26CEB000AEF85 /* Release */ = {
			isa = XCBuildConfiguration;
			buildSettings = {
				ALWAYS_SEARCH_USER_PATHS = NO;
				CLANG_ANALYZER_NONNULL = YES;
				CLANG_ANALYZER_NUMBER_OBJECT_CONVERSION = YES_AGGRESSIVE;
				CLANG_CXX_LANGUAGE_STANDARD = "gnu++14";
				CLANG_CXX_LIBRARY = "libc++";
				CLANG_ENABLE_MODULES = YES;
				CLANG_ENABLE_OBJC_ARC = YES;
				CLANG_ENABLE_OBJC_WEAK = YES;
				CLANG_WARN_BLOCK_CAPTURE_AUTORELEASING = YES;
				CLANG_WARN_BOOL_CONVERSION = YES;
				CLANG_WARN_COMMA = YES;
				CLANG_WARN_CONSTANT_CONVERSION = YES;
				CLANG_WARN_DEPRECATED_OBJC_IMPLEMENTATIONS = YES;
				CLANG_WARN_DIRECT_OBJC_ISA_USAGE = YES_ERROR;
				CLANG_WARN_DOCUMENTATION_COMMENTS = YES;
				CLANG_WARN_EMPTY_BODY = YES;
				CLANG_WARN_ENUM_CONVERSION = YES;
				CLANG_WARN_INFINITE_RECURSION = YES;
				CLANG_WARN_INT_CONVERSION = YES;
				CLANG_WARN_NON_LITERAL_NULL_CONVERSION = YES;
				CLANG_WARN_OBJC_IMPLICIT_RETAIN_SELF = YES;
				CLANG_WARN_OBJC_LITERAL_CONVERSION = YES;
				CLANG_WARN_OBJC_ROOT_CLASS = YES_ERROR;
				CLANG_WARN_RANGE_LOOP_ANALYSIS = YES;
				CLANG_WARN_STRICT_PROTOTYPES = YES;
				CLANG_WARN_SUSPICIOUS_MOVE = YES;
				CLANG_WARN_UNGUARDED_AVAILABILITY = YES_AGGRESSIVE;
				CLANG_WARN_UNREACHABLE_CODE = YES;
				CLANG_WARN__DUPLICATE_METHOD_MATCH = YES;
				COPY_PHASE_STRIP = NO;
				DEBUG_INFORMATION_FORMAT = "dwarf-with-dsym";
				ENABLE_NS_ASSERTIONS = NO;
				ENABLE_STRICT_OBJC_MSGSEND = YES;
				GCC_C_LANGUAGE_STANDARD = gnu11;
				GCC_NO_COMMON_BLOCKS = YES;
				GCC_WARN_64_TO_32_BIT_CONVERSION = YES;
				GCC_WARN_ABOUT_RETURN_TYPE = YES_ERROR;
				GCC_WARN_UNDECLARED_SELECTOR = YES;
				GCC_WARN_UNINITIALIZED_AUTOS = YES_AGGRESSIVE;
				GCC_WARN_UNUSED_FUNCTION = YES;
				GCC_WARN_UNUSED_VARIABLE = YES;
				IPHONEOS_DEPLOYMENT_TARGET = 13.5;
				MTL_ENABLE_DEBUG_INFO = NO;
				MTL_FAST_MATH = YES;
				SDKROOT = iphoneos;
				VALIDATE_PRODUCT = YES;
			};
			name = Release;
		};
		A24251F724E26CEB000AEF85 /* Debug */ = {
			isa = XCBuildConfiguration;
			buildSettings = {
				ASSETCATALOG_COMPILER_APPICON_NAME = AppIcon;
				CODE_SIGN_STYLE = Automatic;
				DEVELOPMENT_TEAM = 887P4SL27B;
				INFOPLIST_FILE = QZCache/Info.plist;
				IPHONEOS_DEPLOYMENT_TARGET = 9.0;
				LD_RUNPATH_SEARCH_PATHS = (
					"$(inherited)",
					"@executable_path/Frameworks",
				);
				PRODUCT_BUNDLE_IDENTIFIER = com.fwhqz.QZCaches;
				PRODUCT_NAME = "$(TARGET_NAME)";
				TARGETED_DEVICE_FAMILY = "1,2";
			};
			name = Debug;
		};
		A24251F824E26CEB000AEF85 /* Release */ = {
			isa = XCBuildConfiguration;
			buildSettings = {
				ASSETCATALOG_COMPILER_APPICON_NAME = AppIcon;
				CODE_SIGN_STYLE = Automatic;
				DEVELOPMENT_TEAM = 887P4SL27B;
				INFOPLIST_FILE = QZCache/Info.plist;
				IPHONEOS_DEPLOYMENT_TARGET = 9.0;
				LD_RUNPATH_SEARCH_PATHS = (
					"$(inherited)",
					"@executable_path/Frameworks",
				);
				PRODUCT_BUNDLE_IDENTIFIER = com.fwhqz.QZCaches;
				PRODUCT_NAME = "$(TARGET_NAME)";
				TARGETED_DEVICE_FAMILY = "1,2";
			};
			name = Release;
		};
/* End XCBuildConfiguration section */

/* Begin XCConfigurationList section */
		A24251D824E26CE9000AEF85 /* Build configuration list for PBXProject "QZCache" */ = {
			isa = XCConfigurationList;
			buildConfigurations = (
				A24251F424E26CEB000AEF85 /* Debug */,
				A24251F524E26CEB000AEF85 /* Release */,
			);
			defaultConfigurationIsVisible = 0;
			defaultConfigurationName = Release;
		};
		A24251F624E26CEB000AEF85 /* Build configuration list for PBXNativeTarget "QZCache" */ = {
			isa = XCConfigurationList;
			buildConfigurations = (
				A24251F724E26CEB000AEF85 /* Debug */,
				A24251F824E26CEB000AEF85 /* Release */,
			);
			defaultConfigurationIsVisible = 0;
			defaultConfigurationName = Release;
		};
/* End XCConfigurationList section */
	};
	rootObject = A24251D524E26CE9000AEF85 /* Project object */;
}
